
Microsoft Visual Studio Solution File, Format Version 12.00
# Visual Studio Version 17
VisualStudioVersion = 17.12.35527.113 d17.12
MinimumVisualStudioVersion = 10.0.40219.1
Project("{FAE04EC0-301F-11D3-BF4B-00C04F79EFBC}") = "CompressionApplication", "CompressionApplication\CompressionApplication.csproj", "{32C0E10E-1355-45A5-89C8-BC2D3DF83DB1}"
EndProject
Project("{2150E333-8FDC-42A3-9474-1A3956D46DE8}") = "Core", "Core", "{69BBF5B2-2450-4F5F-B416-C6316F463B58}"
EndProject
Project("{2150E333-8FDC-42A3-9474-1A3956D46DE8}") = "Infrasturcture", "Infrasturcture", "{56CF1412-D8D9-4871-8BFF-807AF6DD3E63}"
EndProject
Project("{2150E333-8FDC-42A3-9474-1A3956D46DE8}") = "Presentation", "Presentation", "{C85F52FC-1B36-4EC0-83FD-C6EB320E4EE6}"
EndProject
Project("{FAE04EC0-301F-11D3-BF4B-00C04F79EFBC}") = "Application", "Application\Application.csproj", "{74C9B09F-5763-4D80-A936-003BB2928E02}"
EndProject
Project("{FAE04EC0-301F-11D3-BF4B-00C04F79EFBC}") = "Domain", "Domain\Domain.csproj", "{16285DE4-834C-44AF-BA3E-922433EB1ED9}"
EndProject
Project("{FAE04EC0-301F-11D3-BF4B-00C04F79EFBC}") = "Infrasturcture", "Infrasturcture\Infrasturcture.csproj", "{D3351292-8D16-4060-93BA-B974E1FC6981}"
EndProject
Global
	GlobalSection(SolutionConfigurationPlatforms) = preSolution
		Debug|Any CPU = Debug|Any CPU
		Release|Any CPU = Release|Any CPU
	EndGlobalSection
	GlobalSection(ProjectConfigurationPlatforms) = postSolution
		{32C0E10E-1355-45A5-89C8-BC2D3DF83DB1}.Debug|Any CPU.ActiveCfg = Debug|Any CPU
		{32C0E10E-1355-45A5-89C8-BC2D3DF83DB1}.Debug|Any CPU.Build.0 = Debug|Any CPU
		{32C0E10E-1355-45A5-89C8-BC2D3DF83DB1}.Release|Any CPU.ActiveCfg = Release|Any CPU
		{32C0E10E-1355-45A5-89C8-BC2D3DF83DB1}.Release|Any CPU.Build.0 = Release|Any CPU
		{74C9B09F-5763-4D80-A936-003BB2928E02}.Debug|Any CPU.ActiveCfg = Debug|Any CPU
		{74C9B09F-5763-4D80-A936-003BB2928E02}.Debug|Any CPU.Build.0 = Debug|Any CPU
		{74C9B09F-5763-4D80-A936-003BB2928E02}.Release|Any CPU.ActiveCfg = Release|Any CPU
		{74C9B09F-5763-4D80-A936-003BB2928E02}.Release|Any CPU.Build.0 = Release|Any CPU
		{16285DE4-834C-44AF-BA3E-922433EB1ED9}.Debug|Any CPU.ActiveCfg = Debug|Any CPU
		{16285DE4-834C-44AF-BA3E-922433EB1ED9}.Debug|Any CPU.Build.0 = Debug|Any CPU
		{16285DE4-834C-44AF-BA3E-922433EB1ED9}.Release|Any CPU.ActiveCfg = Release|Any CPU
		{16285DE4-834C-44AF-BA3E-922433EB1ED9}.Release|Any CPU.Build.0 = Release|Any CPU
		{D3351292-8D16-4060-93BA-B974E1FC6981}.Debug|Any CPU.ActiveCfg = Debug|Any CPU
		{D3351292-8D16-4060-93BA-B974E1FC6981}.Debug|Any CPU.Build.0 = Debug|Any CPU
		{D3351292-8D16-4060-93BA-B974E1FC6981}.Release|Any CPU.ActiveCfg = Release|Any CPU
		{D3351292-8D16-4060-93BA-B974E1FC6981}.Release|Any CPU.Build.0 = Release|Any CPU
	EndGlobalSection
	GlobalSection(SolutionProperties) = preSolution
		HideSolutionNode = FALSE
	EndGlobalSection
	GlobalSection(NestedProjects) = preSolution
		{32C0E10E-1355-45A5-89C8-BC2D3DF83DB1} = {C85F52FC-1B36-4EC0-83FD-C6EB320E4EE6}
		{74C9B09F-5763-4D80-A936-003BB2928E02} = {69BBF5B2-2450-4F5F-B416-C6316F463B58}
		{16285DE4-834C-44AF-BA3E-922433EB1ED9} = {69BBF5B2-2450-4F5F-B416-C6316F463B58}
		{D3351292-8D16-4060-93BA-B974E1FC6981} = {56CF1412-D8D9-4871-8BFF-807AF6DD3E63}
	EndGlobalSection
EndGlobal
